{
  "name": "bigbigflash",
  "version": "1.0.0",
  "lockfileVersion": 3,
  "requires": true,
  "packages": {
    "": {
      "name": "bigbigflash",
      "version": "1.0.0",
      "license": "ISC",
      "dependencies": {
        "@aave/protocol-v2": "^1.0.1",
        "@openzeppelin/contracts": "^5.2.0"
      },
      "devDependencies": {}
    },
    "node_modules/@aave/protocol-v2": {
      "version": "1.0.1",
      "resolved": "https://registry.npmjs.org/@aave/protocol-v2/-/protocol-v2-1.0.1.tgz",
      "integrity": "sha512-MU3WiigW89DWDpCtvaw4rafih7RbADB45uUM/zqfnOD4g9JNUVfeT6MrjV4/DP/JPA2Iv5ySKSx+a1OfUES0Pg==",
      "license": "AGPLv3",
      "dependencies": {
        "tmp-promise": "^3.0.2"
      }
    },
    "node_modules/@openzeppelin/contracts": {
      "version": "5.2.0",
      "resolved": "https://registry.npmjs.org/@openzeppelin/contracts/-/contracts-5.2.0.tgz",
      "integrity": "sha512-bxjNie5z89W1Ea0NZLZluFh8PrFNn9DH8DQlujEok2yjsOlraUPKID5p1Wk3qdNbf6XkQ1Os2RvfiHrrXLHWKA==",
      "license": "MIT"
    },
    "node_modules/tmp": {
      "version": "0.2.3",
      "resolved": "https://registry.npmjs.org/tmp/-/tmp-0.2.3.tgz",
      "integrity": "sha512-nZD7m9iCPC5g0pYmcaxogYKggSfLsdxl8of3Q/oIbqCqLLIO9IAF0GWjX1z9NZRHPiXv8Wex4yDCaZsgEw0Y8w==",
      "license": "MIT",
      "engines": {
        "node": ">=14.14"
      }
    },
    "node_modules/tmp-promise": {
      "version": "3.0.3",
      "resolved": "https://registry.npmjs.org/tmp-promise/-/tmp-promise-3.0.3.tgz",
      "integrity": "sha512-RwM7MoPojPxsOBYnyd2hy0bxtIlVrihNs9pj5SUvY8Zz1sQcQG2tG1hSr8PDxfgEB8RNKDhqbIlroIarSNDNsQ==",
      "license": "MIT",
      "dependencies": {
        "tmp": "^0.2.0"
      }
    }
  }
}
